
Microsoft Visual Studio Solution File, Format Version 12.00
# Visual Studio Version 17
VisualStudioVersion = 17.11.35327.3
MinimumVisualStudioVersion = 10.0.40219.1
Project("{FAE04EC0-301F-11D3-BF4B-00C04F79EFBC}") = "BookStore", "BookStore.csproj", "{AA3F8197-4CBC-4CD2-9B5F-A761B4C744C8}"
EndProject
Global
	GlobalSection(SolutionConfigurationPlatforms) = preSolution
		Debug|Any CPU = Debug|Any CPU
		Release|Any CPU = Release|Any CPU
	EndGlobalSection
	GlobalSection(ProjectConfigurationPlatforms) = postSolution
		{AA3F8197-4CBC-4CD2-9B5F-A761B4C744C8}.Debug|Any CPU.ActiveCfg = Debug|Any CPU
		{AA3F8197-4CBC-4CD2-9B5F-A761B4C744C8}.Debug|Any CPU.Build.0 = Debug|Any CPU
		{AA3F8197-4CBC-4CD2-9B5F-A761B4C744C8}.Release|Any CPU.ActiveCfg = Release|Any CPU
		{AA3F8197-4CBC-4CD2-9B5F-A761B4C744C8}.Release|Any CPU.Build.0 = Release|Any CPU
	EndGlobalSection
	GlobalSection(SolutionProperties) = preSolution
		HideSolutionNode = FALSE
	EndGlobalSection
	GlobalSection(ExtensibilityGlobals) = postSolution
		SolutionGuid = {98C21A1F-C5B6-489C-AC12-C204B58C40FD}
	EndGlobalSection
EndGlobal
